
Microsoft Visual Studio Solution File, Format Version 12.00
# Visual Studio 15
VisualStudioVersion = 15.0.28010.2026
MinimumVisualStudioVersion = 10.0.40219.1
Project("{FAE04EC0-301F-11D3-BF4B-00C04F79EFBC}") = "PA1", "PA1\PA1.csproj", "{71A41E26-0F5B-49E4-961F-BA57FB26A3EA}"
EndProject
Global
	GlobalSection(SolutionConfigurationPlatforms) = preSolution
		Debug|Any CPU = Debug|Any CPU
		Release|Any CPU = Release|Any CPU
	EndGlobalSection
	GlobalSection(ProjectConfigurationPlatforms) = postSolution
		{71A41E26-0F5B-49E4-961F-BA57FB26A3EA}.Debug|Any CPU.ActiveCfg = Debug|Any CPU
		{71A41E26-0F5B-49E4-961F-BA57FB26A3EA}.Debug|Any CPU.Build.0 = Debug|Any CPU
		{71A41E26-0F5B-49E4-961F-BA57FB26A3EA}.Release|Any CPU.ActiveCfg = Release|Any CPU
		{71A41E26-0F5B-49E4-961F-BA57FB26A3EA}.Release|Any CPU.Build.0 = Release|Any CPU
	EndGlobalSection
	GlobalSection(SolutionProperties) = preSolution
		HideSolutionNode = FALSE
	EndGlobalSection
	GlobalSection(ExtensibilityGlobals) = postSolution
		SolutionGuid = {B225C4D9-9650-4CD6-98C5-85C1784A9EBA}
	EndGlobalSection
EndGlobal
