
Microsoft Visual Studio Solution File, Format Version 12.00
# Visual Studio 15
VisualStudioVersion = 15.0.28010.2026
MinimumVisualStudioVersion = 10.0.40219.1
Project("{FAE04EC0-301F-11D3-BF4B-00C04F79EFBC}") = "PA3", "PA3\PA3.csproj", "{4007D24C-0544-4ECE-9483-8C44DCA84CC0}"
EndProject
Global
	GlobalSection(SolutionConfigurationPlatforms) = preSolution
		Debug|Any CPU = Debug|Any CPU
		Release|Any CPU = Release|Any CPU
	EndGlobalSection
	GlobalSection(ProjectConfigurationPlatforms) = postSolution
		{4007D24C-0544-4ECE-9483-8C44DCA84CC0}.Debug|Any CPU.ActiveCfg = Debug|Any CPU
		{4007D24C-0544-4ECE-9483-8C44DCA84CC0}.Debug|Any CPU.Build.0 = Debug|Any CPU
		{4007D24C-0544-4ECE-9483-8C44DCA84CC0}.Release|Any CPU.ActiveCfg = Release|Any CPU
		{4007D24C-0544-4ECE-9483-8C44DCA84CC0}.Release|Any CPU.Build.0 = Release|Any CPU
	EndGlobalSection
	GlobalSection(SolutionProperties) = preSolution
		HideSolutionNode = FALSE
	EndGlobalSection
	GlobalSection(ExtensibilityGlobals) = postSolution
		SolutionGuid = {7406C39A-4C36-408D-BD10-47F86C709579}
	EndGlobalSection
EndGlobal
